SEEDVR2_NODE_REPOSITORY=https://github.com/numz/ComfyUI-SeedVR2_VideoUpscaler.git
SEEDVR2_NODE_COMMIT=4490bd1f482e026674543386bb2a4d176da245b9
SEEDVR2_DIT_PUBLIC_PATH=/model/ModelScope/mirror013/SeedVR2_comfyUI/seedvr2_ema_3b_fp8_e4m3fn.safetensors
SEEDVR2_VAE_PUBLIC_PATH=/model/ModelScope/mirror013/SeedVR2_comfyUI/ema_vae_fp16.safetensors
QWEN_IMAGE_DIT_PUBLIC_PATH=/model/ModelScope/Comfy-Org/Qwen-Image_ComfyUI/split_files/diffusion_models/qwen_image_2512_fp8_e4m3fn.safetensors
QWEN_IMAGE_TEXT_ENCODER_PUBLIC_PATH=/model/ModelScope/Comfy-Org/Qwen-Image_ComfyUI/split_files/text_encoders/qwen_2.5_vl_7b_fp8_scaled.safetensors
QWEN_IMAGE_VAE_PUBLIC_PATH=/model/ModelScope/Comfy-Org/Qwen-Image_ComfyUI/split_files/vae/qwen_image_vae.safetensors
QWEN_IMAGE_EDIT_DIT_PUBLIC_PATH=/model/ModelScope/Comfy-Org/Qwen-Image-Edit_ComfyUI/split_files/diffusion_models/qwen_image_edit_2511_fp8mixed.safetensors
H3_FL2V_TURBO_PUBLIC_PATH=/model/ModelScope/lightx2v/Minimax-h3-Turbo/minimax_h3_fl2v_turbo_8step_v1.0_comfyui_bf16.safetensors
H3_REF2V_TURBO_PUBLIC_PATH=/model/ModelScope/lightx2v/Minimax-h3-Turbo/minimax_h3_ref2v_turbo_4step_v0.1_comfyui_bf16.safetensors
